{
  "name": "types-newman",
  "version": "1.1.0",
  "lockfileVersion": 1,
  "requires": true,
  "dependencies": {
    "@types/bluebird": {
      "version": "3.5.16",
      "resolved": "https://registry.npmjs.org/@types/bluebird/-/bluebird-3.5.16.tgz",
      "integrity": "sha512-957wyvA86h7pv69cIGUQ1s5RKWFFuU4EyRQCV33TvL0oeJxM9L4hIKW9iomOf+HSEeKysG4RkNnPlhUvOtbHPg==",
      "dev": true
    }
  }
}
